
Microsoft Visual Studio Solution File, Format Version 12.00
# Visual Studio 15
VisualStudioVersion = 15.0.26124.0
MinimumVisualStudioVersion = 15.0.26124.0
Project("{FAE04EC0-301F-11D3-BF4B-00C04F79EFBC}") = "API", "API\API.csproj", "{0B803C3B-1C37-458A-9D9A-C4F0699EE55C}"
EndProject
Project("{FAE04EC0-301F-11D3-BF4B-00C04F79EFBC}") = "Application", "Application\Application.csproj", "{57C0F4BB-1A91-4B48-A9FE-470DC7B63D0E}"
EndProject
Project("{FAE04EC0-301F-11D3-BF4B-00C04F79EFBC}") = "Domain", "Domain\Domain.csproj", "{0A57ACEB-29C8-42F7-8D57-BA1E9EC09FF3}"
EndProject
Project("{FAE04EC0-301F-11D3-BF4B-00C04F79EFBC}") = "Persistence", "Persistence\Persistence.csproj", "{6AEE168E-7699-4ADF-868D-5AB5058B6C50}"
EndProject
Global
	GlobalSection(SolutionConfigurationPlatforms) = preSolution
		Debug|Any CPU = Debug|Any CPU
		Debug|x64 = Debug|x64
		Debug|x86 = Debug|x86
		Release|Any CPU = Release|Any CPU
		Release|x64 = Release|x64
		Release|x86 = Release|x86
	EndGlobalSection
	GlobalSection(SolutionProperties) = preSolution
		HideSolutionNode = FALSE
	EndGlobalSection
	GlobalSection(ProjectConfigurationPlatforms) = postSolution
		{0B803C3B-1C37-458A-9D9A-C4F0699EE55C}.Debug|Any CPU.ActiveCfg = Debug|Any CPU
		{0B803C3B-1C37-458A-9D9A-C4F0699EE55C}.Debug|Any CPU.Build.0 = Debug|Any CPU
		{0B803C3B-1C37-458A-9D9A-C4F0699EE55C}.Debug|x64.ActiveCfg = Debug|Any CPU
		{0B803C3B-1C37-458A-9D9A-C4F0699EE55C}.Debug|x64.Build.0 = Debug|Any CPU
		{0B803C3B-1C37-458A-9D9A-C4F0699EE55C}.Debug|x86.ActiveCfg = Debug|Any CPU
		{0B803C3B-1C37-458A-9D9A-C4F0699EE55C}.Debug|x86.Build.0 = Debug|Any CPU
		{0B803C3B-1C37-458A-9D9A-C4F0699EE55C}.Release|Any CPU.ActiveCfg = Release|Any CPU
		{0B803C3B-1C37-458A-9D9A-C4F0699EE55C}.Release|Any CPU.Build.0 = Release|Any CPU
		{0B803C3B-1C37-458A-9D9A-C4F0699EE55C}.Release|x64.ActiveCfg = Release|Any CPU
		{0B803C3B-1C37-458A-9D9A-C4F0699EE55C}.Release|x64.Build.0 = Release|Any CPU
		{0B803C3B-1C37-458A-9D9A-C4F0699EE55C}.Release|x86.ActiveCfg = Release|Any CPU
		{0B803C3B-1C37-458A-9D9A-C4F0699EE55C}.Release|x86.Build.0 = Release|Any CPU
		{57C0F4BB-1A91-4B48-A9FE-470DC7B63D0E}.Debug|Any CPU.ActiveCfg = Debug|Any CPU
		{57C0F4BB-1A91-4B48-A9FE-470DC7B63D0E}.Debug|Any CPU.Build.0 = Debug|Any CPU
		{57C0F4BB-1A91-4B48-A9FE-470DC7B63D0E}.Debug|x64.ActiveCfg = Debug|Any CPU
		{57C0F4BB-1A91-4B48-A9FE-470DC7B63D0E}.Debug|x64.Build.0 = Debug|Any CPU
		{57C0F4BB-1A91-4B48-A9FE-470DC7B63D0E}.Debug|x86.ActiveCfg = Debug|Any CPU
		{57C0F4BB-1A91-4B48-A9FE-470DC7B63D0E}.Debug|x86.Build.0 = Debug|Any CPU
		{57C0F4BB-1A91-4B48-A9FE-470DC7B63D0E}.Release|Any CPU.ActiveCfg = Release|Any CPU
		{57C0F4BB-1A91-4B48-A9FE-470DC7B63D0E}.Release|Any CPU.Build.0 = Release|Any CPU
		{57C0F4BB-1A91-4B48-A9FE-470DC7B63D0E}.Release|x64.ActiveCfg = Release|Any CPU
		{57C0F4BB-1A91-4B48-A9FE-470DC7B63D0E}.Release|x64.Build.0 = Release|Any CPU
		{57C0F4BB-1A91-4B48-A9FE-470DC7B63D0E}.Release|x86.ActiveCfg = Release|Any CPU
		{57C0F4BB-1A91-4B48-A9FE-470DC7B63D0E}.Release|x86.Build.0 = Release|Any CPU
		{0A57ACEB-29C8-42F7-8D57-BA1E9EC09FF3}.Debug|Any CPU.ActiveCfg = Debug|Any CPU
		{0A57ACEB-29C8-42F7-8D57-BA1E9EC09FF3}.Debug|Any CPU.Build.0 = Debug|Any CPU
		{0A57ACEB-29C8-42F7-8D57-BA1E9EC09FF3}.Debug|x64.ActiveCfg = Debug|Any CPU
		{0A57ACEB-29C8-42F7-8D57-BA1E9EC09FF3}.Debug|x64.Build.0 = Debug|Any CPU
		{0A57ACEB-29C8-42F7-8D57-BA1E9EC09FF3}.Debug|x86.ActiveCfg = Debug|Any CPU
		{0A57ACEB-29C8-42F7-8D57-BA1E9EC09FF3}.Debug|x86.Build.0 = Debug|Any CPU
		{0A57ACEB-29C8-42F7-8D57-BA1E9EC09FF3}.Release|Any CPU.ActiveCfg = Release|Any CPU
		{0A57ACEB-29C8-42F7-8D57-BA1E9EC09FF3}.Release|Any CPU.Build.0 = Release|Any CPU
		{0A57ACEB-29C8-42F7-8D57-BA1E9EC09FF3}.Release|x64.ActiveCfg = Release|Any CPU
		{0A57ACEB-29C8-42F7-8D57-BA1E9EC09FF3}.Release|x64.Build.0 = Release|Any CPU
		{0A57ACEB-29C8-42F7-8D57-BA1E9EC09FF3}.Release|x86.ActiveCfg = Release|Any CPU
		{0A57ACEB-29C8-42F7-8D57-BA1E9EC09FF3}.Release|x86.Build.0 = Release|Any CPU
		{6AEE168E-7699-4ADF-868D-5AB5058B6C50}.Debug|Any CPU.ActiveCfg = Debug|Any CPU
		{6AEE168E-7699-4ADF-868D-5AB5058B6C50}.Debug|Any CPU.Build.0 = Debug|Any CPU
		{6AEE168E-7699-4ADF-868D-5AB5058B6C50}.Debug|x64.ActiveCfg = Debug|Any CPU
		{6AEE168E-7699-4ADF-868D-5AB5058B6C50}.Debug|x64.Build.0 = Debug|Any CPU
		{6AEE168E-7699-4ADF-868D-5AB5058B6C50}.Debug|x86.ActiveCfg = Debug|Any CPU
		{6AEE168E-7699-4ADF-868D-5AB5058B6C50}.Debug|x86.Build.0 = Debug|Any CPU
		{6AEE168E-7699-4ADF-868D-5AB5058B6C50}.Release|Any CPU.ActiveCfg = Release|Any CPU
		{6AEE168E-7699-4ADF-868D-5AB5058B6C50}.Release|Any CPU.Build.0 = Release|Any CPU
		{6AEE168E-7699-4ADF-868D-5AB5058B6C50}.Release|x64.ActiveCfg = Release|Any CPU
		{6AEE168E-7699-4ADF-868D-5AB5058B6C50}.Release|x64.Build.0 = Release|Any CPU
		{6AEE168E-7699-4ADF-868D-5AB5058B6C50}.Release|x86.ActiveCfg = Release|Any CPU
		{6AEE168E-7699-4ADF-868D-5AB5058B6C50}.Release|x86.Build.0 = Release|Any CPU
	EndGlobalSection
EndGlobal
